# This file is generated by running "yarn install" inside your project.
# Manual changes might be lost - proceed with caution!

__metadata:
  version: 3

"argparse@npm:^1.0.7":
  version: 1.0.10
  resolution: "argparse@npm:1.0.10"
  dependencies:
    sprintf-js: "npm:~1.0.2"
  checksum: f0b382b138049618e7958f6345a52b33e673e7ca6baa7c4efa758938a4b586e40467cc198a8b3fda9a8f627078fb46bfe5933fc507d5a07a75d2145e706466d3
  languageName: node
  linkType: hard

"caller-path@npm:^0.1.0":
  version: 0.1.0
  resolution: "caller-path@npm:0.1.0"
  dependencies:
    callsites: "npm:^0.2.0"
  checksum: cda578f2230a297f3c2b698b32d1a8a76bf3375d76917fd0779bf48081fcdc123d5a6bce031b0a476eaa127c6ef749c84013301e70a7f062e9b49cd96e6b03f5
  languageName: node
  linkType: hard

"callsites@npm:^0.2.0":
  version: 0.2.0
  resolution: "callsites@npm:0.2.0"
  checksum: 2423b7d02481b45c37fff4e16dfde0f78e380ffc4d4fa526e31d55523f3ca4d61010b949f240443ee0250598a3eb39fd0bd624fce05406c9fe208a5267515c6b
  languageName: node
  linkType: hard

"debug@npm:^2.2.0":
  version: 2.6.9
  resolution: "debug@npm:2.6.9"
  dependencies:
    ms: "npm:2.0.0"
  checksum: 178d6da8132866882a69ee868c68eec1a27297c99a01d8afc72d4b9d8f4fea709bd29c6746be72b2466b2f7d2c29fd95f0b89a3f940df6ca22edc9edad0e804f
  languageName: node
  linkType: hard

"echoascii@workspace:.":
  version: 0.0.0-use.local
  resolution: "echoascii@workspace:."
  dependencies:
    figlet: "npm:^1.2.0"
    rcfile: "npm:^1.0.3"
  bin:
    echoascii: bin/echoascii.js
  languageName: unknown
  linkType: soft

"esprima@npm:^4.0.0":
  version: 4.0.0
  resolution: "esprima@npm:4.0.0"
  bin:
    esparse: ./bin/esparse.js
    esvalidate: ./bin/esvalidate.js
  checksum: 413fd9b09738a0e50d2fd1ec81a4c80b04ad963ea020cb92914bfbf0260508519068cd00f80b8aea2847e53046fb218000814018709bb07ff71392f57cd771da
  languageName: node
  linkType: hard

"figlet@npm:^1.2.0":
  version: 1.2.0
  resolution: "figlet@npm:1.2.0"
  checksum: 09a0b5ab0ac4bd6654a85b4fe9a22c1b5fd43df69749b48f40ac2b01f6a7b6e68cc6f2961afbeeb9b51dc33e28bbff78dc766371405c556c52008cf00441bc8e
  languageName: node
  linkType: hard

"js-yaml@npm:^3.6.1":
  version: 3.11.0
  resolution: "js-yaml@npm:3.11.0"
  dependencies:
    argparse: "npm:^1.0.7"
    esprima: "npm:^4.0.0"
  bin:
    js-yaml: bin/js-yaml.js
  checksum: e2d6178703815ab4ad0232359b59762541dac87990d7eb5e821efd6dff03b91e9539609180ea27b1b9ce0aad580130bab4cb9d585ef94b867324e90597d28659
  languageName: node
  linkType: hard

"json5@npm:^0.5.0":
  version: 0.5.1
  resolution: "json5@npm:0.5.1"
  bin:
    json5: lib/cli.js
  checksum: 667387fc326edae374cb475667c1d5f9644dbb5ac46e6df81647f6db935faec4eefab3bdf55828e1b1c39b8a13f7fc043136aefd83a10d3635062c1febbca0e0
  languageName: node
  linkType: hard

"ms@npm:2.0.0":
  version: 2.0.0
  resolution: "ms@npm:2.0.0"
  checksum: 531c5c3f1d224510ab703166ad6883762bfbc0465c5b43dd8e2aa29e95ac141ca77e5704b7810d4c649d45580e9f78fa8febfe9ffec6a08424033f31089c83fd
  languageName: node
  linkType: hard

"object-assign@npm:^4.1.0":
  version: 4.1.1
  resolution: "object-assign@npm:4.1.1"
  checksum: 8a281400d57a8880141ceb4335061b17e2d21405b2d5909e3fd71948d6b10f366c65d71a62aac27a0e45754a5e467bcc3f6ff78f26a929948d751b582b46d14e
  languageName: node
  linkType: hard

"object-keys@npm:^1.0.9":
  version: 1.0.11
  resolution: "object-keys@npm:1.0.11"
  checksum: 62dbb884b50f1f698af6f22ef770a341fc9cd6a38ad8a0295d3ace0cc89c660e26496d9c3f8a9d00480cd15caf7cf34cfb25bcc088a8cf6acb859073d25fbb7a
  languageName: node
  linkType: hard

"path-exists@npm:^2.1.0":
  version: 2.1.0
  resolution: "path-exists@npm:2.1.0"
  dependencies:
    pinkie-promise: "npm:^2.0.0"
  checksum: b905d1287d11c51f26112f259eeeb5b80b3d5f97da9f4b9500515ce9f461bc21b6415a67270ca2c7dda2f33dacfeb326ea2d0b0d954867cbb59b6a652e038a87
  languageName: node
  linkType: hard

"pinkie-promise@npm:^2.0.0":
  version: 2.0.1
  resolution: "pinkie-promise@npm:2.0.1"
  dependencies:
    pinkie: "npm:^2.0.0"
  checksum: a24b9d85342581546894b52dccb698afe33977eb1ef63dabf2b8e9c6d4b9457d21e1e4c5c63d6371d076f907c401802f03cb41f16670b58dbc17bc70fb93fc83
  languageName: node
  linkType: hard

"pinkie@npm:^2.0.0":
  version: 2.0.4
  resolution: "pinkie@npm:2.0.4"
  checksum: c38cec01dcc517a7897efcadea671ef0d8f276ff045ede47caf29b0d7b8939fbaed4f1abe9b5f3acd3425c466194b868bfce61cd45ad19ace069eec45526aaf5
  languageName: node
  linkType: hard

"rcfile@npm:^1.0.3":
  version: 1.0.3
  resolution: "rcfile@npm:1.0.3"
  dependencies:
    debug: "npm:^2.2.0"
    js-yaml: "npm:^3.6.1"
    json5: "npm:^0.5.0"
    object-assign: "npm:^4.1.0"
    object-keys: "npm:^1.0.9"
    path-exists: "npm:^2.1.0"
    require-uncached: "npm:^1.0.2"
  checksum: 394b38ea0ad998278cdaf6a5d34db1d8960ddb63e22372a1dc5f1296e46839372c0422acf1a1ee6dc15df94620301f16da15634c26f89885fafe43979c2d6e4c
  languageName: node
  linkType: hard

"require-uncached@npm:^1.0.2":
  version: 1.0.3
  resolution: "require-uncached@npm:1.0.3"
  dependencies:
    caller-path: "npm:^0.1.0"
    resolve-from: "npm:^1.0.0"
  checksum: 4208b942db10b583ee514ac4e0bb233f45712b102459c97b4b1d4906e6750e4cd8b8fe423f9c72b8809ac9120d24f7b491598889f5ef2f6b7d76a1eedf6cb6c3
  languageName: node
  linkType: hard

"resolve-from@npm:^1.0.0":
  version: 1.0.1
  resolution: "resolve-from@npm:1.0.1"
  checksum: b33735b23d1f97184661931dcaabdda493b6d927fb32d736e7c89fb41b9328e8ceacf3aa3cf631028e1bb53ac8a3eaf9b943c509363b7821a9d7bbf13d7d1f79
  languageName: node
  linkType: hard

"sprintf-js@npm:~1.0.2":
  version: 1.0.3
  resolution: "sprintf-js@npm:1.0.3"
  checksum: 17cbfc6bf2a82ae6548e3b0b4d3d65b09961cde328feb978b823b22da8a9243477ef3ffe96b64e56d3b333d49aaad0feb55580e27c78a40bc092caf139ff048e
  languageName: node
  linkType: hard
