# THIS IS AN AUTOGENERATED FILE. DO NOT EDIT THIS FILE DIRECTLY.
# yarn lockfile v1


argparse@^1.0.7:
  version "1.0.10"
  resolved "https://registry.yarnpkg.com/argparse/-/argparse-1.0.10.tgz#bcd6791ea5ae09725e17e5ad988134cd40b3d911"
  dependencies:
    sprintf-js "~1.0.2"

caller-path@^0.1.0:
  version "0.1.0"
  resolved "https://registry.yarnpkg.com/caller-path/-/caller-path-0.1.0.tgz#94085ef63581ecd3daa92444a8fe94e82577751f"
  dependencies:
    callsites "^0.2.0"

callsites@^0.2.0:
  version "0.2.0"
  resolved "https://registry.yarnpkg.com/callsites/-/callsites-0.2.0.tgz#afab96262910a7f33c19a5775825c69f34e350ca"

debug@^2.2.0:
  version "2.6.9"
  resolved "https://registry.yarnpkg.com/debug/-/debug-2.6.9.tgz#5d128515df134ff327e90a4c93f4e077a536341f"
  dependencies:
    ms "2.0.0"

esprima@^4.0.0:
  version "4.0.0"
  resolved "https://registry.yarnpkg.com/esprima/-/esprima-4.0.0.tgz#4499eddcd1110e0b218bacf2fa7f7f59f55ca804"

figlet@^1.2.0:
  version "1.2.0"
  resolved "https://registry.yarnpkg.com/figlet/-/figlet-1.2.0.tgz#6c46537378fab649146b5a6143dda019b430b410"

js-yaml@^3.6.1:
  version "3.11.0"
  resolved "https://registry.yarnpkg.com/js-yaml/-/js-yaml-3.11.0.tgz#597c1a8bd57152f26d622ce4117851a51f5ebaef"
  dependencies:
    argparse "^1.0.7"
    esprima "^4.0.0"

json5@^0.5.0:
  version "0.5.1"
  resolved "https://registry.yarnpkg.com/json5/-/json5-0.5.1.tgz#1eade7acc012034ad84e2396767ead9fa5495821"

ms@2.0.0:
  version "2.0.0"
  resolved "https://registry.yarnpkg.com/ms/-/ms-2.0.0.tgz#5608aeadfc00be6c2901df5f9861788de0d597c8"

object-assign@^4.1.0:
  version "4.1.1"
  resolved "https://registry.yarnpkg.com/object-assign/-/object-assign-4.1.1.tgz#2109adc7965887cfc05cbbd442cac8bfbb360863"

object-keys@^1.0.9:
  version "1.0.11"
  resolved "https://registry.yarnpkg.com/object-keys/-/object-keys-1.0.11.tgz#c54601778ad560f1142ce0e01bcca8b56d13426d"

path-exists@^2.1.0:
  version "2.1.0"
  resolved "https://registry.yarnpkg.com/path-exists/-/path-exists-2.1.0.tgz#0feb6c64f0fc518d9a754dd5efb62c7022761f4b"
  dependencies:
    pinkie-promise "^2.0.0"

pinkie-promise@^2.0.0:
  version "2.0.1"
  resolved "https://registry.yarnpkg.com/pinkie-promise/-/pinkie-promise-2.0.1.tgz#2135d6dfa7a358c069ac9b178776288228450ffa"
  dependencies:
    pinkie "^2.0.0"

pinkie@^2.0.0:
  version "2.0.4"
  resolved "https://registry.yarnpkg.com/pinkie/-/pinkie-2.0.4.tgz#72556b80cfa0d48a974e80e77248e80ed4f7f870"

rcfile@^1.0.3:
  version "1.0.3"
  resolved "https://registry.yarnpkg.com/rcfile/-/rcfile-1.0.3.tgz#c1d8175c289187c1dc8bb3a963b6d444017b1576"
  dependencies:
    debug "^2.2.0"
    js-yaml "^3.6.1"
    json5 "^0.5.0"
    object-assign "^4.1.0"
    object-keys "^1.0.9"
    path-exists "^2.1.0"
    require-uncached "^1.0.2"

require-uncached@^1.0.2:
  version "1.0.3"
  resolved "https://registry.yarnpkg.com/require-uncached/-/require-uncached-1.0.3.tgz#4e0d56d6c9662fd31e43011c4b95aa49955421d3"
  dependencies:
    caller-path "^0.1.0"
    resolve-from "^1.0.0"

resolve-from@^1.0.0:
  version "1.0.1"
  resolved "https://registry.yarnpkg.com/resolve-from/-/resolve-from-1.0.1.tgz#26cbfe935d1aeeeabb29bc3fe5aeb01e93d44226"

sprintf-js@~1.0.2:
  version "1.0.3"
  resolved "https://registry.yarnpkg.com/sprintf-js/-/sprintf-js-1.0.3.tgz#04e6926f662895354f3dd015203633b857297e2c"
